// !$*UTF8*$!
{
	archiveVersion = 1;
	classes = {
	};
	objectVersion = 46;
	objects = {

/* Begin PBXBuildFile section */
		0226C88CAE186F0FB42B2817 /* libPods-GoogleMaps1127.a in Frameworks */ = {isa = PBXBuildFile; fileRef = 8009CD1A2B1013AF781E1B32 /* libPods-GoogleMaps1127.a */; };
		B2B0D62D1C0892F500DEB3C5 /* MyOrderTVC.m in Sources */ = {isa = PBXBuildFile; fileRef = B2B0D62C1C0892F500DEB3C5 /* MyOrderTVC.m */; };
		B2B0D6301C08930B00DEB3C5 /* SearchClassTVC.m in Sources */ = {isa = PBXBuildFile; fileRef = B2B0D62F1C08930B00DEB3C5 /* SearchClassTVC.m */; };
		B2B0D6331C08933100DEB3C5 /* SearchCourtTVC.m in Sources */ = {isa = PBXBuildFile; fileRef = B2B0D6321C08933100DEB3C5 /* SearchCourtTVC.m */; };
		B2B0D6361C08934400DEB3C5 /* MyLoveTVC.m in Sources */ = {isa = PBXBuildFile; fileRef = B2B0D6351C08934400DEB3C5 /* MyLoveTVC.m */; };
		B2B0D6391C08936200DEB3C5 /* MoreTVC.m in Sources */ = {isa = PBXBuildFile; fileRef = B2B0D6381C08936200DEB3C5 /* MoreTVC.m */; };
		B2B946261C07EF9D0059E34A /* main.m in Sources */ = {isa = PBXBuildFile; fileRef = B2B946251C07EF9D0059E34A /* main.m */; };
		B2B946291C07EF9D0059E34A /* AppDelegate.m in Sources */ = {isa = PBXBuildFile; fileRef = B2B946281C07EF9D0059E34A /* AppDelegate.m */; };
		B2B946311C07EF9D0059E34A /* Assets.xcassets in Resources */ = {isa = PBXBuildFile; fileRef = B2B946301C07EF9D0059E34A /* Assets.xcassets */; };
		B2B946341C07EF9D0059E34A /* LaunchScreen.storyboard in Resources */ = {isa = PBXBuildFile; fileRef = B2B946321C07EF9D0059E34A /* LaunchScreen.storyboard */; };
		B2B9463D1C07EFD20059E34A /* MapVC.m in Sources */ = {isa = PBXBuildFile; fileRef = B2B9463C1C07EFD20059E34A /* MapVC.m */; };
		B2EDB6C81C07FC7200C77C9B /* HomeTVC.m in Sources */ = {isa = PBXBuildFile; fileRef = B2EDB6C71C07FC7200C77C9B /* HomeTVC.m */; };
		B2EDB6CB1C07FCD200C77C9B /* HomeCell.m in Sources */ = {isa = PBXBuildFile; fileRef = B2EDB6CA1C07FCD200C77C9B /* HomeCell.m */; };
/* End PBXBuildFile section */

/* Begin PBXFileReference section */
		5AF70494D7BAF34281049F28 /* Pods-GoogleMaps1127.debug.xcconfig */ = {isa = PBXFileReference; includeInIndex = 1; lastKnownFileType = text.xcconfig; name = "Pods-GoogleMaps1127.debug.xcconfig"; path = "Pods/Target Support Files/Pods-GoogleMaps1127/Pods-GoogleMaps1127.debug.xcconfig"; sourceTree = "<group>"; };
		8009CD1A2B1013AF781E1B32 /* libPods-GoogleMaps1127.a */ = {isa = PBXFileReference; explicitFileType = archive.ar; includeInIndex = 0; path = "libPods-GoogleMaps1127.a"; sourceTree = BUILT_PRODUCTS_DIR; };
		B2B0D62B1C0892F500DEB3C5 /* MyOrderTVC.h */ = {isa = PBXFileReference; fileEncoding = 4; lastKnownFileType = sourcecode.c.h; path = MyOrderTVC.h; sourceTree = "<group>"; };
		B2B0D62C1C0892F500DEB3C5 /* MyOrderTVC.m */ = {isa = PBXFileReference; fileEncoding = 4; lastKnownFileType = sourcecode.c.objc; path = MyOrderTVC.m; sourceTree = "<group>"; };
		B2B0D62E1C08930B00DEB3C5 /* SearchClassTVC.h */ = {isa = PBXFileReference; fileEncoding = 4; lastKnownFileType = sourcecode.c.h; path = SearchClassTVC.h; sourceTree = "<group>"; };
		B2B0D62F1C08930B00DEB3C5 /* SearchClassTVC.m */ = {isa = PBXFileReference; fileEncoding = 4; lastKnownFileType = sourcecode.c.objc; path = SearchClassTVC.m; sourceTree = "<group>"; };
		B2B0D6311C08933100DEB3C5 /* SearchCourtTVC.h */ = {isa = PBXFileReference; fileEncoding = 4; lastKnownFileType = sourcecode.c.h; path = SearchCourtTVC.h; sourceTree = "<group>"; };
		B2B0D6321C08933100DEB3C5 /* SearchCourtTVC.m */ = {isa = PBXFileReference; fileEncoding = 4; lastKnownFileType = sourcecode.c.objc; path = SearchCourtTVC.m; sourceTree = "<group>"; };
		B2B0D6341C08934400DEB3C5 /* MyLoveTVC.h */ = {isa = PBXFileReference; fileEncoding = 4; lastKnownFileType = sourcecode.c.h; path = MyLoveTVC.h; sourceTree = "<group>"; };
		B2B0D6351C08934400DEB3C5 /* MyLoveTVC.m */ = {isa = PBXFileReference; fileEncoding = 4; lastKnownFileType = sourcecode.c.objc; path = MyLoveTVC.m; sourceTree = "<group>"; };
		B2B0D6371C08936200DEB3C5 /* MoreTVC.h */ = {isa = PBXFileReference; fileEncoding = 4; lastKnownFileType = sourcecode.c.h; path = MoreTVC.h; sourceTree = "<group>"; };
		B2B0D6381C08936200DEB3C5 /* MoreTVC.m */ = {isa = PBXFileReference; fileEncoding = 4; lastKnownFileType = sourcecode.c.objc; path = MoreTVC.m; sourceTree = "<group>"; };
		B2B946211C07EF9D0059E34A /* GoogleMaps1127.app */ = {isa = PBXFileReference; explicitFileType = wrapper.application; includeInIndex = 0; path = GoogleMaps1127.app; sourceTree = BUILT_PRODUCTS_DIR; };
		B2B946251C07EF9D0059E34A /* main.m */ = {isa = PBXFileReference; lastKnownFileType = sourcecode.c.objc; path = main.m; sourceTree = "<group>"; };
		B2B946271C07EF9D0059E34A /* AppDelegate.h */ = {isa = PBXFileReference; lastKnownFileType = sourcecode.c.h; path = AppDelegate.h; sourceTree = "<group>"; };
		B2B946281C07EF9D0059E34A /* AppDelegate.m */ = {isa = PBXFileReference; lastKnownFileType = sourcecode.c.objc; path = AppDelegate.m; sourceTree = "<group>"; };
		B2B946301C07EF9D0059E34A /* Assets.xcassets */ = {isa = PBXFileReference; lastKnownFileType = folder.assetcatalog; path = Assets.xcassets; sourceTree = "<group>"; };
		B2B946331C07EF9D0059E34A /* Base */ = {isa = PBXFileReference; lastKnownFileType = file.storyboard; name = Base; path = Base.lproj/LaunchScreen.storyboard; sourceTree = "<group>"; };
		B2B946351C07EF9D0059E34A /* Info.plist */ = {isa = PBXFileReference; lastKnownFileType = text.plist.xml; path = Info.plist; sourceTree = "<group>"; };
		B2B9463B1C07EFD20059E34A /* MapVC.h */ = {isa = PBXFileReference; fileEncoding = 4; lastKnownFileType = sourcecode.c.h; path = MapVC.h; sourceTree = "<group>"; };
		B2B9463C1C07EFD20059E34A /* MapVC.m */ = {isa = PBXFileReference; fileEncoding = 4; lastKnownFileType = sourcecode.c.objc; path = MapVC.m; sourceTree = "<group>"; };
		B2EDB6C61C07FC7200C77C9B /* HomeTVC.h */ = {isa = PBXFileReference; fileEncoding = 4; lastKnownFileType = sourcecode.c.h; path = HomeTVC.h; sourceTree = "<group>"; };
		B2EDB6C71C07FC7200C77C9B /* HomeTVC.m */ = {isa = PBXFileReference; fileEncoding = 4; lastKnownFileType = sourcecode.c.objc; path = HomeTVC.m; sourceTree = "<group>"; };
		B2EDB6C91C07FCD200C77C9B /* HomeCell.h */ = {isa = PBXFileReference; fileEncoding = 4; lastKnownFileType = sourcecode.c.h; path = HomeCell.h; sourceTree = "<group>"; };
		B2EDB6CA1C07FCD200C77C9B /* HomeCell.m */ = {isa = PBXFileReference; fileEncoding = 4; lastKnownFileType = sourcecode.c.objc; path = HomeCell.m; sourceTree = "<group>"; };
		C735E78036B4398E58200539 /* Pods-GoogleMaps1127.release.xcconfig */ = {isa = PBXFileReference; includeInIndex = 1; lastKnownFileType = text.xcconfig; name = "Pods-GoogleMaps1127.release.xcconfig"; path = "Pods/Target Support Files/Pods-GoogleMaps1127/Pods-GoogleMaps1127.release.xcconfig"; sourceTree = "<group>"; };
/* End PBXFileReference section */

/* Begin PBXFrameworksBuildPhase section */
		B2B9461E1C07EF9D0059E34A /* Frameworks */ = {
			isa = PBXFrameworksBuildPhase;
			buildActionMask = 2147483647;
			files = (
				0226C88CAE186F0FB42B2817 /* libPods-GoogleMaps1127.a in Frameworks */,
			);
			runOnlyForDeploymentPostprocessing = 0;
		};
/* End PBXFrameworksBuildPhase section */

/* Begin PBXGroup section */
		542F7AA7B1F5DA24A8F942CB /* Pods */ = {
			isa = PBXGroup;
			children = (
				5AF70494D7BAF34281049F28 /* Pods-GoogleMaps1127.debug.xcconfig */,
				C735E78036B4398E58200539 /* Pods-GoogleMaps1127.release.xcconfig */,
			);
			name = Pods;
			sourceTree = "<group>";
		};
		B2B946181C07EF9D0059E34A = {
			isa = PBXGroup;
			children = (
				B2B946231C07EF9D0059E34A /* GoogleMaps1127 */,
				B2B946221C07EF9D0059E34A /* Products */,
				B2EDB6C61C07FC7200C77C9B /* HomeTVC.h */,
				B2EDB6C71C07FC7200C77C9B /* HomeTVC.m */,
				B2EDB6C91C07FCD200C77C9B /* HomeCell.h */,
				B2EDB6CA1C07FCD200C77C9B /* HomeCell.m */,
				B2B0D62B1C0892F500DEB3C5 /* MyOrderTVC.h */,
				B2B0D62C1C0892F500DEB3C5 /* MyOrderTVC.m */,
				B2B0D62E1C08930B00DEB3C5 /* SearchClassTVC.h */,
				B2B0D62F1C08930B00DEB3C5 /* SearchClassTVC.m */,
				B2B0D6311C08933100DEB3C5 /* SearchCourtTVC.h */,
				B2B0D6321C08933100DEB3C5 /* SearchCourtTVC.m */,
				B2B0D6341C08934400DEB3C5 /* MyLoveTVC.h */,
				B2B0D6351C08934400DEB3C5 /* MyLoveTVC.m */,
				B2B0D6371C08936200DEB3C5 /* MoreTVC.h */,
				B2B0D6381C08936200DEB3C5 /* MoreTVC.m */,
				B2B9463B1C07EFD20059E34A /* MapVC.h */,
				B2B9463C1C07EFD20059E34A /* MapVC.m */,
				542F7AA7B1F5DA24A8F942CB /* Pods */,
				F748736408B3DD1E4B4CFA83 /* Frameworks */,
			);
			sourceTree = "<group>";
		};
		B2B946221C07EF9D0059E34A /* Products */ = {
			isa = PBXGroup;
			children = (
				B2B946211C07EF9D0059E34A /* GoogleMaps1127.app */,
			);
			name = Products;
			sourceTree = "<group>";
		};
		B2B946231C07EF9D0059E34A /* GoogleMaps1127 */ = {
			isa = PBXGroup;
			children = (
				B2B946271C07EF9D0059E34A /* AppDelegate.h */,
				B2B946281C07EF9D0059E34A /* AppDelegate.m */,
				B2B946301C07EF9D0059E34A /* Assets.xcassets */,
				B2B946321C07EF9D0059E34A /* LaunchScreen.storyboard */,
				B2B946351C07EF9D0059E34A /* Info.plist */,
				B2B946241C07EF9D0059E34A /* Supporting Files */,
			);
			path = GoogleMaps1127;
			sourceTree = "<group>";
		};
		B2B946241C07EF9D0059E34A /* Supporting Files */ = {
			isa = PBXGroup;
			children = (
				B2B946251C07EF9D0059E34A /* main.m */,
			);
			name = "Supporting Files";
			sourceTree = "<group>";
		};
		F748736408B3DD1E4B4CFA83 /* Frameworks */ = {
			isa = PBXGroup;
			children = (
				8009CD1A2B1013AF781E1B32 /* libPods-GoogleMaps1127.a */,
			);
			name = Frameworks;
			sourceTree = "<group>";
		};
/* End PBXGroup section */

/* Begin PBXNativeTarget section */
		B2B946201C07EF9D0059E34A /* GoogleMaps1127 */ = {
			isa = PBXNativeTarget;
			buildConfigurationList = B2B946381C07EF9D0059E34A /* Build configuration list for PBXNativeTarget "GoogleMaps1127" */;
			buildPhases = (
				7A70F372C1BB7AF0574EB910 /* Check Pods Manifest.lock */,
				B2B9461D1C07EF9D0059E34A /* Sources */,
				B2B9461E1C07EF9D0059E34A /* Frameworks */,
				B2B9461F1C07EF9D0059E34A /* Resources */,
				B28BAB109C64B08BAA50E942 /* Embed Pods Frameworks */,
				8E23E299FAA45A2028D643E4 /* Copy Pods Resources */,
			);
			buildRules = (
			);
			dependencies = (
			);
			name = GoogleMaps1127;
			productName = GoogleMaps1127;
			productReference = B2B946211C07EF9D0059E34A /* GoogleMaps1127.app */;
			productType = "com.apple.product-type.application";
		};
/* End PBXNativeTarget section */

/* Begin PBXProject section */
		B2B946191C07EF9D0059E34A /* Project object */ = {
			isa = PBXProject;
			attributes = {
				LastUpgradeCheck = 0710;
				ORGANIZATIONNAME = "劉坤昶 Johnny";
				TargetAttributes = {
					B2B946201C07EF9D0059E34A = {
						CreatedOnToolsVersion = 7.1.1;
					};
				};
			};
			buildConfigurationList = B2B9461C1C07EF9D0059E34A /* Build configuration list for PBXProject "GoogleMaps1127" */;
			compatibilityVersion = "Xcode 3.2";
			developmentRegion = English;
			hasScannedForEncodings = 0;
			knownRegions = (
				en,
				Base,
			);
			mainGroup = B2B946181C07EF9D0059E34A;
			productRefGroup = B2B946221C07EF9D0059E34A /* Products */;
			projectDirPath = "";
			projectRoot = "";
			targets = (
				B2B946201C07EF9D0059E34A /* GoogleMaps1127 */,
			);
		};
/* End PBXProject section */

/* Begin PBXResourcesBuildPhase section */
		B2B9461F1C07EF9D0059E34A /* Resources */ = {
			isa = PBXResourcesBuildPhase;
			buildActionMask = 2147483647;
			files = (
				B2B946341C07EF9D0059E34A /* LaunchScreen.storyboard in Resources */,
				B2B946311C07EF9D0059E34A /* Assets.xcassets in Resources */,
			);
			runOnlyForDeploymentPostprocessing = 0;
		};
/* End PBXResourcesBuildPhase section */

/* Begin PBXShellScriptBuildPhase section */
		7A70F372C1BB7AF0574EB910 /* Check Pods Manifest.lock */ = {
			isa = PBXShellScriptBuildPhase;
			buildActionMask = 2147483647;
			files = (
			);
			inputPaths = (
			);
			name = "Check Pods Manifest.lock";
			outputPaths = (
			);
			runOnlyForDeploymentPostprocessing = 0;
			shellPath = /bin/sh;
			shellScript = "diff \"${PODS_ROOT}/../Podfile.lock\" \"${PODS_ROOT}/Manifest.lock\" > /dev/null\nif [[ $? != 0 ]] ; then\n    cat << EOM\nerror: The sandbox is not in sync with the Podfile.lock. Run 'pod install' or update your CocoaPods installation.\nEOM\n    exit 1\nfi\n";
			showEnvVarsInLog = 0;
		};
		8E23E299FAA45A2028D643E4 /* Copy Pods Resources */ = {
			isa = PBXShellScriptBuildPhase;
			buildActionMask = 2147483647;
			files = (
			);
			inputPaths = (
			);
			name = "Copy Pods Resources";
			outputPaths = (
			);
			runOnlyForDeploymentPostprocessing = 0;
			shellPath = /bin/sh;
			shellScript = "\"${SRCROOT}/Pods/Target Support Files/Pods-GoogleMaps1127/Pods-GoogleMaps1127-resources.sh\"\n";
			showEnvVarsInLog = 0;
		};
		B28BAB109C64B08BAA50E942 /* Embed Pods Frameworks */ = {
			isa = PBXShellScriptBuildPhase;
			buildActionMask = 2147483647;
			files = (
			);
			inputPaths = (
			);
			name = "Embed Pods Frameworks";
			outputPaths = (
			);
			runOnlyForDeploymentPostprocessing = 0;
			shellPath = /bin/sh;
			shellScript = "\"${SRCROOT}/Pods/Target Support Files/Pods-GoogleMaps1127/Pods-GoogleMaps1127-frameworks.sh\"\n";
			showEnvVarsInLog = 0;
		};
/* End PBXShellScriptBuildPhase section */

/* Begin PBXSourcesBuildPhase section */
		B2B9461D1C07EF9D0059E34A /* Sources */ = {
			isa = PBXSourcesBuildPhase;
			buildActionMask = 2147483647;
			files = (
				B2B9463D1C07EFD20059E34A /* MapVC.m in Sources */,
				B2B0D6301C08930B00DEB3C5 /* SearchClassTVC.m in Sources */,
				B2B946291C07EF9D0059E34A /* AppDelegate.m in Sources */,
				B2B0D6361C08934400DEB3C5 /* MyLoveTVC.m in Sources */,
				B2B0D6331C08933100DEB3C5 /* SearchCourtTVC.m in Sources */,
				B2EDB6CB1C07FCD200C77C9B /* HomeCell.m in Sources */,
				B2B0D6391C08936200DEB3C5 /* MoreTVC.m in Sources */,
				B2EDB6C81C07FC7200C77C9B /* HomeTVC.m in Sources */,
				B2B0D62D1C0892F500DEB3C5 /* MyOrderTVC.m in Sources */,
				B2B946261C07EF9D0059E34A /* main.m in Sources */,
			);
			runOnlyForDeploymentPostprocessing = 0;
		};
/* End PBXSourcesBuildPhase section */

/* Begin PBXVariantGroup section */
		B2B946321C07EF9D0059E34A /* LaunchScreen.storyboard */ = {
			isa = PBXVariantGroup;
			children = (
				B2B946331C07EF9D0059E34A /* Base */,
			);
			name = LaunchScreen.storyboard;
			sourceTree = "<group>";
		};
/* End PBXVariantGroup section */

/* Begin XCBuildConfiguration section */
		B2B946361C07EF9D0059E34A /* Debug */ = {
			isa = XCBuildConfiguration;
			buildSettings = {
				ALWAYS_SEARCH_USER_PATHS = NO;
				CLANG_CXX_LANGUAGE_STANDARD = "gnu++0x";
				CLANG_CXX_LIBRARY = "libc++";
				CLANG_ENABLE_MODULES = YES;
				CLANG_ENABLE_OBJC_ARC = YES;
				CLANG_WARN_BOOL_CONVERSION = YES;
				CLANG_WARN_CONSTANT_CONVERSION = YES;
				CLANG_WARN_DIRECT_OBJC_ISA_USAGE = YES_ERROR;
				CLANG_WARN_EMPTY_BODY = YES;
				CLANG_WARN_ENUM_CONVERSION = YES;
				CLANG_WARN_INT_CONVERSION = YES;
				CLANG_WARN_OBJC_ROOT_CLASS = YES_ERROR;
				CLANG_WARN_UNREACHABLE_CODE = YES;
				CLANG_WARN__DUPLICATE_METHOD_MATCH = YES;
				"CODE_SIGN_IDENTITY[sdk=iphoneos*]" = "iPhone Developer";
				COPY_PHASE_STRIP = NO;
				DEBUG_INFORMATION_FORMAT = dwarf;
				ENABLE_STRICT_OBJC_MSGSEND = YES;
				ENABLE_TESTABILITY = YES;
				GCC_C_LANGUAGE_STANDARD = gnu99;
				GCC_DYNAMIC_NO_PIC = NO;
				GCC_NO_COMMON_BLOCKS = YES;
				GCC_OPTIMIZATION_LEVEL = 0;
				GCC_PREPROCESSOR_DEFINITIONS = (
					"DEBUG=1",
					"$(inherited)",
				);
				GCC_WARN_64_TO_32_BIT_CONVERSION = YES;
				GCC_WARN_ABOUT_RETURN_TYPE = YES_ERROR;
				GCC_WARN_UNDECLARED_SELECTOR = YES;
				GCC_WARN_UNINITIALIZED_AUTOS = YES_AGGRESSIVE;
				GCC_WARN_UNUSED_FUNCTION = YES;
				GCC_WARN_UNUSED_VARIABLE = YES;
				IPHONEOS_DEPLOYMENT_TARGET = 9.1;
				MTL_ENABLE_DEBUG_INFO = YES;
				ONLY_ACTIVE_ARCH = YES;
				SDKROOT = iphoneos;
			};
			name = Debug;
		};
		B2B946371C07EF9D0059E34A /* Release */ = {
			isa = XCBuildConfiguration;
			buildSettings = {
				ALWAYS_SEARCH_USER_PATHS = NO;
				CLANG_CXX_LANGUAGE_STANDARD = "gnu++0x";
				CLANG_CXX_LIBRARY = "libc++";
				CLANG_ENABLE_MODULES = YES;
				CLANG_ENABLE_OBJC_ARC = YES;
				CLANG_WARN_BOOL_CONVERSION = YES;
				CLANG_WARN_CONSTANT_CONVERSION = YES;
				CLANG_WARN_DIRECT_OBJC_ISA_USAGE = YES_ERROR;
				CLANG_WARN_EMPTY_BODY = YES;
				CLANG_WARN_ENUM_CONVERSION = YES;
				CLANG_WARN_INT_CONVERSION = YES;
				CLANG_WARN_OBJC_ROOT_CLASS = YES_ERROR;
				CLANG_WARN_UNREACHABLE_CODE = YES;
				CLANG_WARN__DUPLICATE_METHOD_MATCH = YES;
				"CODE_SIGN_IDENTITY[sdk=iphoneos*]" = "iPhone Developer";
				COPY_PHASE_STRIP = NO;
				DEBUG_INFORMATION_FORMAT = "dwarf-with-dsym";
				ENABLE_NS_ASSERTIONS = NO;
				ENABLE_STRICT_OBJC_MSGSEND = YES;
				GCC_C_LANGUAGE_STANDARD = gnu99;
				GCC_NO_COMMON_BLOCKS = YES;
				GCC_WARN_64_TO_32_BIT_CONVERSION = YES;
				GCC_WARN_ABOUT_RETURN_TYPE = YES_ERROR;
				GCC_WARN_UNDECLARED_SELECTOR = YES;
				GCC_WARN_UNINITIALIZED_AUTOS = YES_AGGRESSIVE;
				GCC_WARN_UNUSED_FUNCTION = YES;
				GCC_WARN_UNUSED_VARIABLE = YES;
				IPHONEOS_DEPLOYMENT_TARGET = 9.1;
				MTL_ENABLE_DEBUG_INFO = NO;
				SDKROOT = iphoneos;
				VALIDATE_PRODUCT = YES;
			};
			name = Release;
		};
		B2B946391C07EF9D0059E34A /* Debug */ = {
			isa = XCBuildConfiguration;
			baseConfigurationReference = 5AF70494D7BAF34281049F28 /* Pods-GoogleMaps1127.debug.xcconfig */;
			buildSettings = {
				ASSETCATALOG_COMPILER_APPICON_NAME = AppIcon;
				INFOPLIST_FILE = GoogleMaps1127/Info.plist;
				LD_RUNPATH_SEARCH_PATHS = "$(inherited) @executable_path/Frameworks";
				PRODUCT_BUNDLE_IDENTIFIER = com.johnnyketchup.GoogleMaps1127;
				PRODUCT_NAME = "$(TARGET_NAME)";
			};
			name = Debug;
		};
		B2B9463A1C07EF9D0059E34A /* Release */ = {
			isa = XCBuildConfiguration;
			baseConfigurationReference = C735E78036B4398E58200539 /* Pods-GoogleMaps1127.release.xcconfig */;
			buildSettings = {
				ASSETCATALOG_COMPILER_APPICON_NAME = AppIcon;
				INFOPLIST_FILE = GoogleMaps1127/Info.plist;
				LD_RUNPATH_SEARCH_PATHS = "$(inherited) @executable_path/Frameworks";
				PRODUCT_BUNDLE_IDENTIFIER = com.johnnyketchup.GoogleMaps1127;
				PRODUCT_NAME = "$(TARGET_NAME)";
			};
			name = Release;
		};
/* End XCBuildConfiguration section */

/* Begin XCConfigurationList section */
		B2B9461C1C07EF9D0059E34A /* Build configuration list for PBXProject "GoogleMaps1127" */ = {
			isa = XCConfigurationList;
			buildConfigurations = (
				B2B946361C07EF9D0059E34A /* Debug */,
				B2B946371C07EF9D0059E34A /* Release */,
			);
			defaultConfigurationIsVisible = 0;
			defaultConfigurationName = Release;
		};
		B2B946381C07EF9D0059E34A /* Build configuration list for PBXNativeTarget "GoogleMaps1127" */ = {
			isa = XCConfigurationList;
			buildConfigurations = (
				B2B946391C07EF9D0059E34A /* Debug */,
				B2B9463A1C07EF9D0059E34A /* Release */,
			);
			defaultConfigurationIsVisible = 0;
			defaultConfigurationName = Release;
		};
/* End XCConfigurationList section */
	};
	rootObject = B2B946191C07EF9D0059E34A /* Project object */;
}
